
Microsoft Visual Studio Solution File, Format Version 12.00
# Visual Studio 15
VisualStudioVersion = 15.0.26730.16
MinimumVisualStudioVersion = 10.0.40219.1
Project("{9A19103F-16F7-4668-BE54-9A1E7A4F7556}") = "transmission.netcore", "transmission.netcore\transmission.netcore.csproj", "{3A2A2A39-4F44-40DD-8B82-A6E93DEAC013}"
EndProject
Global
	GlobalSection(SolutionConfigurationPlatforms) = preSolution
		Debug|Any CPU = Debug|Any CPU
		Release|Any CPU = Release|Any CPU
	EndGlobalSection
	GlobalSection(ProjectConfigurationPlatforms) = postSolution
		{3A2A2A39-4F44-40DD-8B82-A6E93DEAC013}.Debug|Any CPU.ActiveCfg = Debug|Any CPU
		{3A2A2A39-4F44-40DD-8B82-A6E93DEAC013}.Debug|Any CPU.Build.0 = Debug|Any CPU
		{3A2A2A39-4F44-40DD-8B82-A6E93DEAC013}.Release|Any CPU.ActiveCfg = Release|Any CPU
		{3A2A2A39-4F44-40DD-8B82-A6E93DEAC013}.Release|Any CPU.Build.0 = Release|Any CPU
	EndGlobalSection
	GlobalSection(SolutionProperties) = preSolution
		HideSolutionNode = FALSE
	EndGlobalSection
	GlobalSection(ExtensibilityGlobals) = postSolution
		SolutionGuid = {638166EB-92DC-45FB-8170-12452C425031}
	EndGlobalSection
EndGlobal
